{
    "_readme": [
        "This file locks the dependencies of your project to a known state",
        "Read more about it at https://getcomposer.org/doc/01-basic-usage.md#composer-lock-the-lock-file",
        "This file is @generated automatically"
    ],
    "hash": "d512a6b9046ed7d95dd5032d2d9ba34a",
    "content-hash": "6f44653ea677be0d9febd12d0064d465",
    "packages": [
        {
            "name": "angularAnimatejs",
            "version": "1.5.5",
            "dist": {
                "type": "file",
                "url": "https://code.angularjs.org/1.5.5/angular-animate.min.js",
                "reference": null,
                "shasum": null
            },
            "require": {
                "composer/installers": "~1.0"
            },
            "type": "vanilla-plugin",
            "extra": {
                "installer-name": "angularAnimatejs"
            },
            "license": [
                "MIT"
            ],
            "homepage": "https://angularjs.org/"
        },
        {
            "name": "angularAriajs",
            "version": "1.5.5",
            "dist": {
                "type": "file",
                "url": "https://code.angularjs.org/1.5.5/angular-aria.min.js",
                "reference": null,
                "shasum": null
            },
            "require": {
                "composer/installers": "~1.0"
            },
            "type": "vanilla-plugin",
            "extra": {
                "installer-name": "angularAriajs"
            },
            "license": [
                "MIT"
            ],
            "homepage": "https://angularjs.org/"
        },
        {
            "name": "angularMaterialcss",
            "version": "1.1.0",
            "dist": {
                "type": "file",
                "url": "https://ajax.googleapis.com/ajax/libs/angular_material/1.1.0/angular-material.min.css",
                "reference": null,
                "shasum": null
            },
            "require": {
                "composer/installers": "~1.0"
            },
            "type": "vanilla-plugin",
            "extra": {
                "installer-name": "angularMaterialcss"
            },
            "license": [
                "MIT"
            ],
            "homepage": "https://material.angularjs.org/1.1.0-rc.5/"
        },
        {
            "name": "angularMaterialjs",
            "version": "1.1.0",
            "dist": {
                "type": "file",
                "url": "https://ajax.googleapis.com/ajax/libs/angular_material/1.1.0/angular-material.min.js",
                "reference": null,
                "shasum": null
            },
            "require": {
                "composer/installers": "~1.0"
            },
            "type": "vanilla-plugin",
            "extra": {
                "installer-name": "angularMaterialjs"
            },
            "license": [
                "MIT"
            ],
            "homepage": "https://material.angularjs.org/1.1.0-rc.5/"
        },
        {
            "name": "angularMessagesjs",
            "version": "1.5.5",
            "dist": {
                "type": "file",
                "url": "https://code.angularjs.org/1.5.5/angular-messages.min.js",
                "reference": null,
                "shasum": null
            },
            "require": {
                "composer/installers": "~1.0"
            },
            "type": "vanilla-plugin",
            "extra": {
                "installer-name": "angularMessagesjs"
            },
            "license": [
                "MIT"
            ],
            "homepage": "https://angularjs.org/"
        },
        {
            "name": "angularRoutejs",
            "version": "1.5.5",
            "dist": {
                "type": "file",
                "url": "https://code.angularjs.org/1.5.5/angular-route.min.js",
                "reference": null,
                "shasum": null
            },
            "require": {
                "composer/installers": "~1.0"
            },
            "type": "vanilla-plugin",
            "extra": {
                "installer-name": "angularRoutejs"
            },
            "license": [
                "MIT"
            ],
            "homepage": "https://angularjs.org/"
        },
        {
            "name": "angularjs",
            "version": "1.5.5",
            "dist": {
                "type": "file",
                "url": "https://ajax.googleapis.com/ajax/libs/angularjs/1.5.5/angular.min.js",
                "reference": null,
                "shasum": null
            },
            "require": {
                "composer/installers": "~1.0"
            },
            "type": "vanilla-plugin",
            "extra": {
                "installer-name": "angularjs"
            },
            "license": [
                "MIT"
            ],
            "homepage": "https://angularjs.org/"
        },
        {
            "name": "bootstrap",
            "version": "3.3.7",
            "dist": {
                "type": "zip",
                "url": "https://github.com/twbs/bootstrap/archive/v3.0.0.zip",
                "reference": null,
                "shasum": null
            },
            "require": {
                "composer/installers": "~1.0"
            },
            "type": "vanilla-plugin",
            "extra": {
                "installer-name": "bootstrap"
            },
            "license": [
                "MIT"
            ],
            "homepage": "http://bootstrapdocs.com/v3.0.0/docs/"
        },
        {
            "name": "composer/installers",
            "version": "v1.5.0",
            "source": {
                "type": "git",
                "url": "https://github.com/composer/installers.git",
                "reference": "049797d727261bf27f2690430d935067710049c2"
            },
            "dist": {
                "type": "zip",
                "url": "https://api.github.com/repos/composer/installers/zipball/049797d727261bf27f2690430d935067710049c2",
                "reference": "049797d727261bf27f2690430d935067710049c2",
                "shasum": ""
            },
            "require": {
                "composer-plugin-api": "^1.0"
            },
            "replace": {
                "roundcube/plugin-installer": "*",
                "shama/baton": "*"
            },
            "require-dev": {
                "composer/composer": "1.0.*@dev",
                "phpunit/phpunit": "^4.8.36"
            },
            "type": "composer-plugin",
            "extra": {
                "class": "Composer\\Installers\\Plugin",
                "branch-alias": {
                    "dev-master": "1.0-dev"
                }
            },
            "autoload": {
                "psr-4": {
                    "Composer\\Installers\\": "src/Composer/Installers"
                }
            },
            "notification-url": "https://packagist.org/downloads/",
            "license": [
                "MIT"
            ],
            "authors": [
                {
                    "name": "Kyle Robinson Young",
                    "email": "kyle@dontkry.com",
                    "homepage": "https://github.com/shama"
                }
            ],
            "description": "A multi-framework Composer library installer",
            "homepage": "https://composer.github.io/installers/",
            "keywords": [
                "Craft",
                "Dolibarr",
                "Eliasis",
                "Hurad",
                "ImageCMS",
                "Kanboard",
                "Lan Management System",
                "MODX Evo",
                "Mautic",
                "Maya",
                "OXID",
                "Plentymarkets",
                "Porto",
                "RadPHP",
                "SMF",
                "Thelia",
                "WolfCMS",
                "agl",
                "aimeos",
                "annotatecms",
                "attogram",
                "bitrix",
                "cakephp",
                "chef",
                "cockpit",
                "codeigniter",
                "concrete5",
                "croogo",
                "dokuwiki",
                "drupal",
                "eZ Platform",
                "elgg",
                "expressionengine",
                "fuelphp",
                "grav",
                "installer",
                "itop",
                "joomla",
                "kohana",
                "laravel",
                "lavalite",
                "lithium",
                "magento",
                "majima",
                "mako",
                "mediawiki",
                "modulework",
                "modx",
                "moodle",
                "osclass",
                "phpbb",
                "piwik",
                "ppi",
                "puppet",
                "pxcms",
                "reindex",
                "roundcube",
                "shopware",
                "silverstripe",
                "sydes",
                "symfony",
                "typo3",
                "wordpress",
                "yawik",
                "zend",
                "zikula"
            ],
            "time": "2017-12-29 09:13:20"
        },
        {
            "name": "d3.v3",
            "version": "3.5.17",
            "dist": {
                "type": "file",
                "url": "https://d3js.org/d3.v3.min.js",
                "reference": null,
                "shasum": null
            },
            "require": {
                "composer/installers": "~1.0"
            },
            "type": "vanilla-plugin",
            "extra": {
                "installer-name": "d3.v3"
            },
            "license": [
                "BSD-3-Clause"
            ],
            "homepage": "https://d3js.org/"
        },
        {
            "name": "drawerjs",
            "version": "3.2.1",
            "dist": {
                "type": "file",
                "url": "https://cdnjs.cloudflare.com/ajax/libs/drawer/3.2.1/js/drawer.min.js",
                "reference": null,
                "shasum": null
            },
            "require": {
                "composer/installers": "~1.0"
            },
            "type": "vanilla-plugin",
            "extra": {
                "installer-name": "drawerjs"
            },
            "license": [
                "MIT"
            ],
            "homepage": "http://git.blivesta.com/drawer/"
        },
        {
            "name": "googleFonts/openSans",
            "version": "v3",
            "dist": {
                "type": "file",
                "url": "https://fonts.googleapis.com/css?family=Open+Sans:400,700",
                "reference": null,
                "shasum": null
            },
            "require": {
                "composer/installers": "~1.0"
            },
            "type": "vanilla-plugin",
            "extra": {
                "installer-name": "googleFonts-openSans"
            },
            "license": [
                "Apache-2.0"
            ],
            "homepage": "https://developers.google.com/fonts/"
        },
        {
            "name": "immutablejs",
            "version": "3.7.5",
            "dist": {
                "type": "file",
                "url": "https://cdnjs.cloudflare.com/ajax/libs/immutable/3.7.5/immutable.js",
                "reference": null,
                "shasum": null
            },
            "require": {
                "composer/installers": "~1.0"
            },
            "type": "vanilla-plugin",
            "extra": {
                "installer-name": "immutablejs"
            },
            "license": [
                "MIT"
            ],
            "homepage": "https://facebook.github.io/immutable-js/"
        },
        {
            "name": "ionRangeSlider2",
            "version": "2.2.0",
            "dist": {
                "type": "zip",
                "url": "https://github.com/IonDen/ion.rangeSlider/archive/2.2.0.zip",
                "reference": null,
                "shasum": null
            },
            "require": {
                "composer/installers": "~1.0",
                "jquery": "^1.12.2"
            },
            "type": "vanilla-plugin",
            "extra": {
                "installer-name": "ionRangeSlider2"
            },
            "license": [
                "MIT"
            ]
        },
        {
            "name": "jquery",
            "version": "1.12.4",
            "dist": {
                "type": "file",
                "url": "https://code.jquery.com/jquery-1.12.4.min.js",
                "reference": null,
                "shasum": null
            },
            "require": {
                "composer/installers": "~1.0"
            },
            "type": "vanilla-plugin",
            "extra": {
                "installer-name": "jquery"
            },
            "license": [
                "MIT"
            ],
            "homepage": "https://jquery.com"
        },
        {
            "name": "ng-tablejs",
            "version": "1.0.0",
            "dist": {
                "type": "file",
                "url": "https://cdnjs.cloudflare.com/ajax/libs/ng-table/1.0.0/ng-table.min.js",
                "reference": null,
                "shasum": null
            },
            "require": {
                "composer/installers": "~1.0"
            },
            "type": "vanilla-plugin",
            "extra": {
                "installer-name": "ng-tablejs"
            },
            "license": [
                "MIT"
            ],
            "homepage": "https://cdnjs.com/libraries/ng-table"
        }
    ],
    "packages-dev": [],
    "aliases": [],
    "minimum-stability": "stable",
    "stability-flags": [],
    "prefer-stable": false,
    "prefer-lowest": false,
    "platform": [],
    "platform-dev": []
}
